
Microsoft Visual Studio Solution File, Format Version 11.00
# Visual Studio 2010
Project("{8BC9CEB8-8B4A-11D0-8D11-00A0C91BC942}") = "Assignment 5", "Assignment 5\Assignment 5.vcxproj", "{049FB2E3-A9EC-453C-8AD4-B609794EE4E0}"
EndProject
Global
	GlobalSection(SolutionConfigurationPlatforms) = preSolution
		Debug|Win32 = Debug|Win32
		Release|Win32 = Release|Win32
	EndGlobalSection
	GlobalSection(ProjectConfigurationPlatforms) = postSolution
		{049FB2E3-A9EC-453C-8AD4-B609794EE4E0}.Debug|Win32.ActiveCfg = Debug|Win32
		{049FB2E3-A9EC-453C-8AD4-B609794EE4E0}.Debug|Win32.Build.0 = Debug|Win32
		{049FB2E3-A9EC-453C-8AD4-B609794EE4E0}.Release|Win32.ActiveCfg = Release|Win32
		{049FB2E3-A9EC-453C-8AD4-B609794EE4E0}.Release|Win32.Build.0 = Release|Win32
	EndGlobalSection
	GlobalSection(SolutionProperties) = preSolution
		HideSolutionNode = FALSE
	EndGlobalSection
EndGlobal
