
Microsoft Visual Studio Solution File, Format Version 11.00
# Visual Studio 2010
Project("{8BC9CEB8-8B4A-11D0-8D11-00A0C91BC942}") = "Old maid", "Old maid\Old maid.vcxproj", "{CFE0455B-E13F-4F7C-A38B-39EA708B7463}"
EndProject
Global
	GlobalSection(SolutionConfigurationPlatforms) = preSolution
		Debug|Win32 = Debug|Win32
		Release|Win32 = Release|Win32
	EndGlobalSection
	GlobalSection(ProjectConfigurationPlatforms) = postSolution
		{CFE0455B-E13F-4F7C-A38B-39EA708B7463}.Debug|Win32.ActiveCfg = Debug|Win32
		{CFE0455B-E13F-4F7C-A38B-39EA708B7463}.Debug|Win32.Build.0 = Debug|Win32
		{CFE0455B-E13F-4F7C-A38B-39EA708B7463}.Release|Win32.ActiveCfg = Release|Win32
		{CFE0455B-E13F-4F7C-A38B-39EA708B7463}.Release|Win32.Build.0 = Release|Win32
	EndGlobalSection
	GlobalSection(SolutionProperties) = preSolution
		HideSolutionNode = FALSE
	EndGlobalSection
EndGlobal
